// !$*UTF8*$!
{
	archiveVersion = 1;
	classes = {
	};
	objectVersion = 46;
	objects = {

/* Begin PBXBuildFile section */
		4075209E1ECCBC51003C9068 /* AppDelegate.swift in Sources */ = {isa = PBXBuildFile; fileRef = 4075209D1ECCBC51003C9068 /* AppDelegate.swift */; };
		407520A01ECCBC51003C9068 /* ViewController.swift in Sources */ = {isa = PBXBuildFile; fileRef = 4075209F1ECCBC51003C9068 /* ViewController.swift */; };
		407520A31ECCBC51003C9068 /* Main.storyboard in Resources */ = {isa = PBXBuildFile; fileRef = 407520A11ECCBC51003C9068 /* Main.storyboard */; };
		407520A51ECCBC51003C9068 /* Assets.xcassets in Resources */ = {isa = PBXBuildFile; fileRef = 407520A41ECCBC51003C9068 /* Assets.xcassets */; };
		407520A81ECCBC51003C9068 /* LaunchScreen.storyboard in Resources */ = {isa = PBXBuildFile; fileRef = 407520A61ECCBC51003C9068 /* LaunchScreen.storyboard */; };
		40C9FD2E1ED4B7FA005EAB7D /* DragImage.swift in Sources */ = {isa = PBXBuildFile; fileRef = 40C9FD2D1ED4B7FA005EAB7D /* DragImage.swift */; };
		40C9FD301ED4D48E005EAB7D /* Monster.swift in Sources */ = {isa = PBXBuildFile; fileRef = 40C9FD2F1ED4D48E005EAB7D /* Monster.swift */; };
		40C9FD361ED4E743005EAB7D /* bite.wav in Resources */ = {isa = PBXBuildFile; fileRef = 40C9FD311ED4E743005EAB7D /* bite.wav */; };
		40C9FD371ED4E743005EAB7D /* cave-music.mp3 in Resources */ = {isa = PBXBuildFile; fileRef = 40C9FD321ED4E743005EAB7D /* cave-music.mp3 */; };
		40C9FD381ED4E743005EAB7D /* death.wav in Resources */ = {isa = PBXBuildFile; fileRef = 40C9FD331ED4E743005EAB7D /* death.wav */; };
		40C9FD391ED4E743005EAB7D /* heart.wav in Resources */ = {isa = PBXBuildFile; fileRef = 40C9FD341ED4E743005EAB7D /* heart.wav */; };
		40C9FD3A1ED4E743005EAB7D /* skull.wav in Resources */ = {isa = PBXBuildFile; fileRef = 40C9FD351ED4E743005EAB7D /* skull.wav */; };
/* End PBXBuildFile section */

/* Begin PBXFileReference section */
		4075209A1ECCBC51003C9068 /* Giga Pet.app */ = {isa = PBXFileReference; explicitFileType = wrapper.application; includeInIndex = 0; path = "Giga Pet.app"; sourceTree = BUILT_PRODUCTS_DIR; };
		4075209D1ECCBC51003C9068 /* AppDelegate.swift */ = {isa = PBXFileReference; lastKnownFileType = sourcecode.swift; path = AppDelegate.swift; sourceTree = "<group>"; };
		4075209F1ECCBC51003C9068 /* ViewController.swift */ = {isa = PBXFileReference; lastKnownFileType = sourcecode.swift; path = ViewController.swift; sourceTree = "<group>"; };
		407520A21ECCBC51003C9068 /* Base */ = {isa = PBXFileReference; lastKnownFileType = file.storyboard; name = Base; path = Base.lproj/Main.storyboard; sourceTree = "<group>"; };
		407520A41ECCBC51003C9068 /* Assets.xcassets */ = {isa = PBXFileReference; lastKnownFileType = folder.assetcatalog; path = Assets.xcassets; sourceTree = "<group>"; };
		407520A71ECCBC51003C9068 /* Base */ = {isa = PBXFileReference; lastKnownFileType = file.storyboard; name = Base; path = Base.lproj/LaunchScreen.storyboard; sourceTree = "<group>"; };
		407520A91ECCBC51003C9068 /* Info.plist */ = {isa = PBXFileReference; lastKnownFileType = text.plist.xml; path = Info.plist; sourceTree = "<group>"; };
		40C9FD2D1ED4B7FA005EAB7D /* DragImage.swift */ = {isa = PBXFileReference; fileEncoding = 4; lastKnownFileType = sourcecode.swift; path = DragImage.swift; sourceTree = "<group>"; };
		40C9FD2F1ED4D48E005EAB7D /* Monster.swift */ = {isa = PBXFileReference; fileEncoding = 4; lastKnownFileType = sourcecode.swift; path = Monster.swift; sourceTree = "<group>"; };
		40C9FD311ED4E743005EAB7D /* bite.wav */ = {isa = PBXFileReference; lastKnownFileType = audio.wav; path = bite.wav; sourceTree = "<group>"; };
		40C9FD321ED4E743005EAB7D /* cave-music.mp3 */ = {isa = PBXFileReference; lastKnownFileType = audio.mp3; path = "cave-music.mp3"; sourceTree = "<group>"; };
		40C9FD331ED4E743005EAB7D /* death.wav */ = {isa = PBXFileReference; lastKnownFileType = audio.wav; path = death.wav; sourceTree = "<group>"; };
		40C9FD341ED4E743005EAB7D /* heart.wav */ = {isa = PBXFileReference; lastKnownFileType = audio.wav; path = heart.wav; sourceTree = "<group>"; };
		40C9FD351ED4E743005EAB7D /* skull.wav */ = {isa = PBXFileReference; lastKnownFileType = audio.wav; path = skull.wav; sourceTree = "<group>"; };
/* End PBXFileReference section */

/* Begin PBXFrameworksBuildPhase section */
		407520971ECCBC51003C9068 /* Frameworks */ = {
			isa = PBXFrameworksBuildPhase;
			buildActionMask = 2147483647;
			files = (
			);
			runOnlyForDeploymentPostprocessing = 0;
		};
/* End PBXFrameworksBuildPhase section */

/* Begin PBXGroup section */
		407520911ECCBC50003C9068 = {
			isa = PBXGroup;
			children = (
				4075209C1ECCBC51003C9068 /* Giga Pet */,
				4075209B1ECCBC51003C9068 /* Products */,
			);
			sourceTree = "<group>";
		};
		4075209B1ECCBC51003C9068 /* Products */ = {
			isa = PBXGroup;
			children = (
				4075209A1ECCBC51003C9068 /* Giga Pet.app */,
			);
			name = Products;
			sourceTree = "<group>";
		};
		4075209C1ECCBC51003C9068 /* Giga Pet */ = {
			isa = PBXGroup;
			children = (
				40C9FD311ED4E743005EAB7D /* bite.wav */,
				40C9FD321ED4E743005EAB7D /* cave-music.mp3 */,
				40C9FD331ED4E743005EAB7D /* death.wav */,
				40C9FD341ED4E743005EAB7D /* heart.wav */,
				40C9FD351ED4E743005EAB7D /* skull.wav */,
				4075209D1ECCBC51003C9068 /* AppDelegate.swift */,
				4075209F1ECCBC51003C9068 /* ViewController.swift */,
				407520A11ECCBC51003C9068 /* Main.storyboard */,
				40C9FD2F1ED4D48E005EAB7D /* Monster.swift */,
				40C9FD2D1ED4B7FA005EAB7D /* DragImage.swift */,
				407520A41ECCBC51003C9068 /* Assets.xcassets */,
				407520A61ECCBC51003C9068 /* LaunchScreen.storyboard */,
				407520A91ECCBC51003C9068 /* Info.plist */,
			);
			path = "Giga Pet";
			sourceTree = "<group>";
		};
/* End PBXGroup section */

/* Begin PBXNativeTarget section */
		407520991ECCBC51003C9068 /* Giga Pet */ = {
			isa = PBXNativeTarget;
			buildConfigurationList = 407520AC1ECCBC51003C9068 /* Build configuration list for PBXNativeTarget "Giga Pet" */;
			buildPhases = (
				407520961ECCBC51003C9068 /* Sources */,
				407520971ECCBC51003C9068 /* Frameworks */,
				407520981ECCBC51003C9068 /* Resources */,
			);
			buildRules = (
			);
			dependencies = (
			);
			name = "Giga Pet";
			productName = "Giga Pet";
			productReference = 4075209A1ECCBC51003C9068 /* Giga Pet.app */;
			productType = "com.apple.product-type.application";
		};
/* End PBXNativeTarget section */

/* Begin PBXProject section */
		407520921ECCBC50003C9068 /* Project object */ = {
			isa = PBXProject;
			attributes = {
				LastSwiftUpdateCheck = 0830;
				LastUpgradeCheck = 0830;
				ORGANIZATIONNAME = ShivamSharma;
				TargetAttributes = {
					407520991ECCBC51003C9068 = {
						CreatedOnToolsVersion = 8.3.2;
						DevelopmentTeam = 9K8RYNA3CD;
						ProvisioningStyle = Automatic;
					};
				};
			};
			buildConfigurationList = 407520951ECCBC50003C9068 /* Build configuration list for PBXProject "Giga Pet" */;
			compatibilityVersion = "Xcode 3.2";
			developmentRegion = English;
			hasScannedForEncodings = 0;
			knownRegions = (
				en,
				Base,
			);
			mainGroup = 407520911ECCBC50003C9068;
			productRefGroup = 4075209B1ECCBC51003C9068 /* Products */;
			projectDirPath = "";
			projectRoot = "";
			targets = (
				407520991ECCBC51003C9068 /* Giga Pet */,
			);
		};
/* End PBXProject section */

/* Begin PBXResourcesBuildPhase section */
		407520981ECCBC51003C9068 /* Resources */ = {
			isa = PBXResourcesBuildPhase;
			buildActionMask = 2147483647;
			files = (
				40C9FD3A1ED4E743005EAB7D /* skull.wav in Resources */,
				40C9FD361ED4E743005EAB7D /* bite.wav in Resources */,
				40C9FD381ED4E743005EAB7D /* death.wav in Resources */,
				40C9FD391ED4E743005EAB7D /* heart.wav in Resources */,
				40C9FD371ED4E743005EAB7D /* cave-music.mp3 in Resources */,
				407520A81ECCBC51003C9068 /* LaunchScreen.storyboard in Resources */,
				407520A51ECCBC51003C9068 /* Assets.xcassets in Resources */,
				407520A31ECCBC51003C9068 /* Main.storyboard in Resources */,
			);
			runOnlyForDeploymentPostprocessing = 0;
		};
/* End PBXResourcesBuildPhase section */

/* Begin PBXSourcesBuildPhase section */
		407520961ECCBC51003C9068 /* Sources */ = {
			isa = PBXSourcesBuildPhase;
			buildActionMask = 2147483647;
			files = (
				40C9FD301ED4D48E005EAB7D /* Monster.swift in Sources */,
				407520A01ECCBC51003C9068 /* ViewController.swift in Sources */,
				40C9FD2E1ED4B7FA005EAB7D /* DragImage.swift in Sources */,
				4075209E1ECCBC51003C9068 /* AppDelegate.swift in Sources */,
			);
			runOnlyForDeploymentPostprocessing = 0;
		};
/* End PBXSourcesBuildPhase section */

/* Begin PBXVariantGroup section */
		407520A11ECCBC51003C9068 /* Main.storyboard */ = {
			isa = PBXVariantGroup;
			children = (
				407520A21ECCBC51003C9068 /* Base */,
			);
			name = Main.storyboard;
			sourceTree = "<group>";
		};
		407520A61ECCBC51003C9068 /* LaunchScreen.storyboard */ = {
			isa = PBXVariantGroup;
			children = (
				407520A71ECCBC51003C9068 /* Base */,
			);
			name = LaunchScreen.storyboard;
			sourceTree = "<group>";
		};
/* End PBXVariantGroup section */

/* Begin XCBuildConfiguration section */
		407520AA1ECCBC51003C9068 /* Debug */ = {
			isa = XCBuildConfiguration;
			buildSettings = {
				ALWAYS_SEARCH_USER_PATHS = NO;
				CLANG_ANALYZER_NONNULL = YES;
				CLANG_ANALYZER_NUMBER_OBJECT_CONVERSION = YES_AGGRESSIVE;
				CLANG_CXX_LANGUAGE_STANDARD = "gnu++0x";
				CLANG_CXX_LIBRARY = "libc++";
				CLANG_ENABLE_MODULES = YES;
				CLANG_ENABLE_OBJC_ARC = YES;
				CLANG_WARN_BOOL_CONVERSION = YES;
				CLANG_WARN_CONSTANT_CONVERSION = YES;
				CLANG_WARN_DIRECT_OBJC_ISA_USAGE = YES_ERROR;
				CLANG_WARN_DOCUMENTATION_COMMENTS = YES;
				CLANG_WARN_EMPTY_BODY = YES;
				CLANG_WARN_ENUM_CONVERSION = YES;
				CLANG_WARN_INFINITE_RECURSION = YES;
				CLANG_WARN_INT_CONVERSION = YES;
				CLANG_WARN_OBJC_ROOT_CLASS = YES_ERROR;
				CLANG_WARN_SUSPICIOUS_MOVE = YES;
				CLANG_WARN_UNREACHABLE_CODE = YES;
				CLANG_WARN__DUPLICATE_METHOD_MATCH = YES;
				"CODE_SIGN_IDENTITY[sdk=iphoneos*]" = "iPhone Developer";
				COPY_PHASE_STRIP = NO;
				DEBUG_INFORMATION_FORMAT = dwarf;
				ENABLE_STRICT_OBJC_MSGSEND = YES;
				ENABLE_TESTABILITY = YES;
				GCC_C_LANGUAGE_STANDARD = gnu99;
				GCC_DYNAMIC_NO_PIC = NO;
				GCC_NO_COMMON_BLOCKS = YES;
				GCC_OPTIMIZATION_LEVEL = 0;
				GCC_PREPROCESSOR_DEFINITIONS = (
					"DEBUG=1",
					"$(inherited)",
				);
				GCC_WARN_64_TO_32_BIT_CONVERSION = YES;
				GCC_WARN_ABOUT_RETURN_TYPE = YES_ERROR;
				GCC_WARN_UNDECLARED_SELECTOR = YES;
				GCC_WARN_UNINITIALIZED_AUTOS = YES_AGGRESSIVE;
				GCC_WARN_UNUSED_FUNCTION = YES;
				GCC_WARN_UNUSED_VARIABLE = YES;
				IPHONEOS_DEPLOYMENT_TARGET = 10.3;
				MTL_ENABLE_DEBUG_INFO = YES;
				ONLY_ACTIVE_ARCH = YES;
				SDKROOT = iphoneos;
				SWIFT_ACTIVE_COMPILATION_CONDITIONS = DEBUG;
				SWIFT_OPTIMIZATION_LEVEL = "-Onone";
				TARGETED_DEVICE_FAMILY = "1,2";
			};
			name = Debug;
		};
		407520AB1ECCBC51003C9068 /* Release */ = {
			isa = XCBuildConfiguration;
			buildSettings = {
				ALWAYS_SEARCH_USER_PATHS = NO;
				CLANG_ANALYZER_NONNULL = YES;
				CLANG_ANALYZER_NUMBER_OBJECT_CONVERSION = YES_AGGRESSIVE;
				CLANG_CXX_LANGUAGE_STANDARD = "gnu++0x";
				CLANG_CXX_LIBRARY = "libc++";
				CLANG_ENABLE_MODULES = YES;
				CLANG_ENABLE_OBJC_ARC = YES;
				CLANG_WARN_BOOL_CONVERSION = YES;
				CLANG_WARN_CONSTANT_CONVERSION = YES;
				CLANG_WARN_DIRECT_OBJC_ISA_USAGE = YES_ERROR;
				CLANG_WARN_DOCUMENTATION_COMMENTS = YES;
				CLANG_WARN_EMPTY_BODY = YES;
				CLANG_WARN_ENUM_CONVERSION = YES;
				CLANG_WARN_INFINITE_RECURSION = YES;
				CLANG_WARN_INT_CONVERSION = YES;
				CLANG_WARN_OBJC_ROOT_CLASS = YES_ERROR;
				CLANG_WARN_SUSPICIOUS_MOVE = YES;
				CLANG_WARN_UNREACHABLE_CODE = YES;
				CLANG_WARN__DUPLICATE_METHOD_MATCH = YES;
				"CODE_SIGN_IDENTITY[sdk=iphoneos*]" = "iPhone Developer";
				COPY_PHASE_STRIP = NO;
				DEBUG_INFORMATION_FORMAT = "dwarf-with-dsym";
				ENABLE_NS_ASSERTIONS = NO;
				ENABLE_STRICT_OBJC_MSGSEND = YES;
				GCC_C_LANGUAGE_STANDARD = gnu99;
				GCC_NO_COMMON_BLOCKS = YES;
				GCC_WARN_64_TO_32_BIT_CONVERSION = YES;
				GCC_WARN_ABOUT_RETURN_TYPE = YES_ERROR;
				GCC_WARN_UNDECLARED_SELECTOR = YES;
				GCC_WARN_UNINITIALIZED_AUTOS = YES_AGGRESSIVE;
				GCC_WARN_UNUSED_FUNCTION = YES;
				GCC_WARN_UNUSED_VARIABLE = YES;
				IPHONEOS_DEPLOYMENT_TARGET = 10.3;
				MTL_ENABLE_DEBUG_INFO = NO;
				SDKROOT = iphoneos;
				SWIFT_OPTIMIZATION_LEVEL = "-Owholemodule";
				TARGETED_DEVICE_FAMILY = "1,2";
				VALIDATE_PRODUCT = YES;
			};
			name = Release;
		};
		407520AD1ECCBC51003C9068 /* Debug */ = {
			isa = XCBuildConfiguration;
			buildSettings = {
				ASSETCATALOG_COMPILER_APPICON_NAME = AppIcon;
				DEVELOPMENT_TEAM = 9K8RYNA3CD;
				INFOPLIST_FILE = "Giga Pet/Info.plist";
				LD_RUNPATH_SEARCH_PATHS = "$(inherited) @executable_path/Frameworks";
				PRODUCT_BUNDLE_IDENTIFIER = "com.ShivamSharma.Giga-Pet";
				PRODUCT_NAME = "$(TARGET_NAME)";
				SWIFT_VERSION = 3.0;
			};
			name = Debug;
		};
		407520AE1ECCBC51003C9068 /* Release */ = {
			isa = XCBuildConfiguration;
			buildSettings = {
				ASSETCATALOG_COMPILER_APPICON_NAME = AppIcon;
				DEVELOPMENT_TEAM = 9K8RYNA3CD;
				INFOPLIST_FILE = "Giga Pet/Info.plist";
				LD_RUNPATH_SEARCH_PATHS = "$(inherited) @executable_path/Frameworks";
				PRODUCT_BUNDLE_IDENTIFIER = "com.ShivamSharma.Giga-Pet";
				PRODUCT_NAME = "$(TARGET_NAME)";
				SWIFT_VERSION = 3.0;
			};
			name = Release;
		};
/* End XCBuildConfiguration section */

/* Begin XCConfigurationList section */
		407520951ECCBC50003C9068 /* Build configuration list for PBXProject "Giga Pet" */ = {
			isa = XCConfigurationList;
			buildConfigurations = (
				407520AA1ECCBC51003C9068 /* Debug */,
				407520AB1ECCBC51003C9068 /* Release */,
			);
			defaultConfigurationIsVisible = 0;
			defaultConfigurationName = Release;
		};
		407520AC1ECCBC51003C9068 /* Build configuration list for PBXNativeTarget "Giga Pet" */ = {
			isa = XCConfigurationList;
			buildConfigurations = (
				407520AD1ECCBC51003C9068 /* Debug */,
				407520AE1ECCBC51003C9068 /* Release */,
			);
			defaultConfigurationIsVisible = 0;
			defaultConfigurationName = Release;
		};
/* End XCConfigurationList section */
	};
	rootObject = 407520921ECCBC50003C9068 /* Project object */;
}
